
Microsoft Visual Studio Solution File, Format Version 12.00
# Visual Studio Version 16
VisualStudioVersion = 16.0.30523.141
MinimumVisualStudioVersion = 10.0.40219.1
Project("{FAE04EC0-301F-11D3-BF4B-00C04F79EFBC}") = "XF_FirebaseProjectClient.UWP", "XF_FirebaseProjectClient\XF_FirebaseProjectClient.UWP\XF_FirebaseProjectClient.UWP.csproj", "{5D4C4FC8-4C9C-4006-A3E2-893EE39F5264}"
EndProject
Project("{FAE04EC0-301F-11D3-BF4B-00C04F79EFBC}") = "XF_FirebaseProjectClient.Android", "XF_FirebaseProjectClient\XF_FirebaseProjectClient.Android\XF_FirebaseProjectClient.Android.csproj", "{5F595795-9889-4C69-B35B-A3385E5A0347}"
EndProject
Project("{FAE04EC0-301F-11D3-BF4B-00C04F79EFBC}") = "XF_FirebaseProjectClient.iOS", "XF_FirebaseProjectClient\XF_FirebaseProjectClient.iOS\XF_FirebaseProjectClient.iOS.csproj", "{E051AC4A-D1C8-4F65-A1D6-A23AED806346}"
EndProject
Project("{FAE04EC0-301F-11D3-BF4B-00C04F79EFBC}") = "XF_FirebaseProjectClient", "XF_FirebaseProjectClient\XF_FirebaseProjectClient\XF_FirebaseProjectClient.csproj", "{071A5FCD-44BB-4707-BAC5-9D5BE43E71EB}"
EndProject
Global
	GlobalSection(SolutionConfigurationPlatforms) = preSolution
		Debug|Any CPU = Debug|Any CPU
		Debug|ARM = Debug|ARM
		Debug|iPhone = Debug|iPhone
		Debug|iPhoneSimulator = Debug|iPhoneSimulator
		Debug|x64 = Debug|x64
		Debug|x86 = Debug|x86
		Release|Any CPU = Release|Any CPU
		Release|ARM = Release|ARM
		Release|iPhone = Release|iPhone
		Release|iPhoneSimulator = Release|iPhoneSimulator
		Release|x64 = Release|x64
		Release|x86 = Release|x86
	EndGlobalSection
	GlobalSection(ProjectConfigurationPlatforms) = postSolution
		{5D4C4FC8-4C9C-4006-A3E2-893EE39F5264}.Debug|Any CPU.ActiveCfg = Debug|x86
		{5D4C4FC8-4C9C-4006-A3E2-893EE39F5264}.Debug|Any CPU.Build.0 = Debug|x86
		{5D4C4FC8-4C9C-4006-A3E2-893EE39F5264}.Debug|Any CPU.Deploy.0 = Debug|x86
		{5D4C4FC8-4C9C-4006-A3E2-893EE39F5264}.Debug|ARM.ActiveCfg = Debug|ARM
		{5D4C4FC8-4C9C-4006-A3E2-893EE39F5264}.Debug|ARM.Build.0 = Debug|ARM
		{5D4C4FC8-4C9C-4006-A3E2-893EE39F5264}.Debug|ARM.Deploy.0 = Debug|ARM
		{5D4C4FC8-4C9C-4006-A3E2-893EE39F5264}.Debug|iPhone.ActiveCfg = Debug|x86
		{5D4C4FC8-4C9C-4006-A3E2-893EE39F5264}.Debug|iPhone.Build.0 = Debug|x86
		{5D4C4FC8-4C9C-4006-A3E2-893EE39F5264}.Debug|iPhone.Deploy.0 = Debug|x86
		{5D4C4FC8-4C9C-4006-A3E2-893EE39F5264}.Debug|iPhoneSimulator.ActiveCfg = Debug|x86
		{5D4C4FC8-4C9C-4006-A3E2-893EE39F5264}.Debug|iPhoneSimulator.Build.0 = Debug|x86
		{5D4C4FC8-4C9C-4006-A3E2-893EE39F5264}.Debug|iPhoneSimulator.Deploy.0 = Debug|x86
		{5D4C4FC8-4C9C-4006-A3E2-893EE39F5264}.Debug|x64.ActiveCfg = Debug|x64
		{5D4C4FC8-4C9C-4006-A3E2-893EE39F5264}.Debug|x64.Build.0 = Debug|x64
		{5D4C4FC8-4C9C-4006-A3E2-893EE39F5264}.Debug|x64.Deploy.0 = Debug|x64
		{5D4C4FC8-4C9C-4006-A3E2-893EE39F5264}.Debug|x86.ActiveCfg = Debug|x86
		{5D4C4FC8-4C9C-4006-A3E2-893EE39F5264}.Debug|x86.Build.0 = Debug|x86
		{5D4C4FC8-4C9C-4006-A3E2-893EE39F5264}.Debug|x86.Deploy.0 = Debug|x86
		{5D4C4FC8-4C9C-4006-A3E2-893EE39F5264}.Release|Any CPU.ActiveCfg = Release|x86
		{5D4C4FC8-4C9C-4006-A3E2-893EE39F5264}.Release|Any CPU.Build.0 = Release|x86
		{5D4C4FC8-4C9C-4006-A3E2-893EE39F5264}.Release|Any CPU.Deploy.0 = Release|x86
		{5D4C4FC8-4C9C-4006-A3E2-893EE39F5264}.Release|ARM.ActiveCfg = Release|ARM
		{5D4C4FC8-4C9C-4006-A3E2-893EE39F5264}.Release|ARM.Build.0 = Release|ARM
		{5D4C4FC8-4C9C-4006-A3E2-893EE39F5264}.Release|ARM.Deploy.0 = Release|ARM
		{5D4C4FC8-4C9C-4006-A3E2-893EE39F5264}.Release|iPhone.ActiveCfg = Release|x86
		{5D4C4FC8-4C9C-4006-A3E2-893EE39F5264}.Release|iPhone.Build.0 = Release|x86
		{5D4C4FC8-4C9C-4006-A3E2-893EE39F5264}.Release|iPhone.Deploy.0 = Release|x86
		{5D4C4FC8-4C9C-4006-A3E2-893EE39F5264}.Release|iPhoneSimulator.ActiveCfg = Release|x86
		{5D4C4FC8-4C9C-4006-A3E2-893EE39F5264}.Release|iPhoneSimulator.Build.0 = Release|x86
		{5D4C4FC8-4C9C-4006-A3E2-893EE39F5264}.Release|iPhoneSimulator.Deploy.0 = Release|x86
		{5D4C4FC8-4C9C-4006-A3E2-893EE39F5264}.Release|x64.ActiveCfg = Release|x64
		{5D4C4FC8-4C9C-4006-A3E2-893EE39F5264}.Release|x64.Build.0 = Release|x64
		{5D4C4FC8-4C9C-4006-A3E2-893EE39F5264}.Release|x64.Deploy.0 = Release|x64
		{5D4C4FC8-4C9C-4006-A3E2-893EE39F5264}.Release|x86.ActiveCfg = Release|x86
		{5D4C4FC8-4C9C-4006-A3E2-893EE39F5264}.Release|x86.Build.0 = Release|x86
		{5D4C4FC8-4C9C-4006-A3E2-893EE39F5264}.Release|x86.Deploy.0 = Release|x86
		{5F595795-9889-4C69-B35B-A3385E5A0347}.Debug|Any CPU.ActiveCfg = Debug|Any CPU
		{5F595795-9889-4C69-B35B-A3385E5A0347}.Debug|Any CPU.Build.0 = Debug|Any CPU
		{5F595795-9889-4C69-B35B-A3385E5A0347}.Debug|Any CPU.Deploy.0 = Debug|Any CPU
		{5F595795-9889-4C69-B35B-A3385E5A0347}.Debug|ARM.ActiveCfg = Debug|Any CPU
		{5F595795-9889-4C69-B35B-A3385E5A0347}.Debug|ARM.Build.0 = Debug|Any CPU
		{5F595795-9889-4C69-B35B-A3385E5A0347}.Debug|ARM.Deploy.0 = Debug|Any CPU
		{5F595795-9889-4C69-B35B-A3385E5A0347}.Debug|iPhone.ActiveCfg = Debug|Any CPU
		{5F595795-9889-4C69-B35B-A3385E5A0347}.Debug|iPhone.Build.0 = Debug|Any CPU
		{5F595795-9889-4C69-B35B-A3385E5A0347}.Debug|iPhone.Deploy.0 = Debug|Any CPU
		{5F595795-9889-4C69-B35B-A3385E5A0347}.Debug|iPhoneSimulator.ActiveCfg = Debug|Any CPU
		{5F595795-9889-4C69-B35B-A3385E5A0347}.Debug|iPhoneSimulator.Build.0 = Debug|Any CPU
		{5F595795-9889-4C69-B35B-A3385E5A0347}.Debug|iPhoneSimulator.Deploy.0 = Debug|Any CPU
		{5F595795-9889-4C69-B35B-A3385E5A0347}.Debug|x64.ActiveCfg = Debug|Any CPU
		{5F595795-9889-4C69-B35B-A3385E5A0347}.Debug|x64.Build.0 = Debug|Any CPU
		{5F595795-9889-4C69-B35B-A3385E5A0347}.Debug|x64.Deploy.0 = Debug|Any CPU
		{5F595795-9889-4C69-B35B-A3385E5A0347}.Debug|x86.ActiveCfg = Debug|Any CPU
		{5F595795-9889-4C69-B35B-A3385E5A0347}.Debug|x86.Build.0 = Debug|Any CPU
		{5F595795-9889-4C69-B35B-A3385E5A0347}.Debug|x86.Deploy.0 = Debug|Any CPU
		{5F595795-9889-4C69-B35B-A3385E5A0347}.Release|Any CPU.ActiveCfg = Release|Any CPU
		{5F595795-9889-4C69-B35B-A3385E5A0347}.Release|Any CPU.Build.0 = Release|Any CPU
		{5F595795-9889-4C69-B35B-A3385E5A0347}.Release|Any CPU.Deploy.0 = Release|Any CPU
		{5F595795-9889-4C69-B35B-A3385E5A0347}.Release|ARM.ActiveCfg = Release|Any CPU
		{5F595795-9889-4C69-B35B-A3385E5A0347}.Release|ARM.Build.0 = Release|Any CPU
		{5F595795-9889-4C69-B35B-A3385E5A0347}.Release|ARM.Deploy.0 = Release|Any CPU
		{5F595795-9889-4C69-B35B-A3385E5A0347}.Release|iPhone.ActiveCfg = Release|Any CPU
		{5F595795-9889-4C69-B35B-A3385E5A0347}.Release|iPhone.Build.0 = Release|Any CPU
		{5F595795-9889-4C69-B35B-A3385E5A0347}.Release|iPhone.Deploy.0 = Release|Any CPU
		{5F595795-9889-4C69-B35B-A3385E5A0347}.Release|iPhoneSimulator.ActiveCfg = Release|Any CPU
		{5F595795-9889-4C69-B35B-A3385E5A0347}.Release|iPhoneSimulator.Build.0 = Release|Any CPU
		{5F595795-9889-4C69-B35B-A3385E5A0347}.Release|iPhoneSimulator.Deploy.0 = Release|Any CPU
		{5F595795-9889-4C69-B35B-A3385E5A0347}.Release|x64.ActiveCfg = Release|Any CPU
		{5F595795-9889-4C69-B35B-A3385E5A0347}.Release|x64.Build.0 = Release|Any CPU
		{5F595795-9889-4C69-B35B-A3385E5A0347}.Release|x64.Deploy.0 = Release|Any CPU
		{5F595795-9889-4C69-B35B-A3385E5A0347}.Release|x86.ActiveCfg = Release|Any CPU
		{5F595795-9889-4C69-B35B-A3385E5A0347}.Release|x86.Build.0 = Release|Any CPU
		{5F595795-9889-4C69-B35B-A3385E5A0347}.Release|x86.Deploy.0 = Release|Any CPU
		{E051AC4A-D1C8-4F65-A1D6-A23AED806346}.Debug|Any CPU.ActiveCfg = Debug|iPhoneSimulator
		{E051AC4A-D1C8-4F65-A1D6-A23AED806346}.Debug|Any CPU.Build.0 = Debug|iPhoneSimulator
		{E051AC4A-D1C8-4F65-A1D6-A23AED806346}.Debug|Any CPU.Deploy.0 = Debug|iPhoneSimulator
		{E051AC4A-D1C8-4F65-A1D6-A23AED806346}.Debug|ARM.ActiveCfg = Debug|iPhone
		{E051AC4A-D1C8-4F65-A1D6-A23AED806346}.Debug|ARM.Build.0 = Debug|iPhone
		{E051AC4A-D1C8-4F65-A1D6-A23AED806346}.Debug|ARM.Deploy.0 = Debug|iPhone
		{E051AC4A-D1C8-4F65-A1D6-A23AED806346}.Debug|iPhone.ActiveCfg = Debug|iPhone
		{E051AC4A-D1C8-4F65-A1D6-A23AED806346}.Debug|iPhone.Build.0 = Debug|iPhone
		{E051AC4A-D1C8-4F65-A1D6-A23AED806346}.Debug|iPhone.Deploy.0 = Debug|iPhone
		{E051AC4A-D1C8-4F65-A1D6-A23AED806346}.Debug|iPhoneSimulator.ActiveCfg = Debug|iPhoneSimulator
		{E051AC4A-D1C8-4F65-A1D6-A23AED806346}.Debug|iPhoneSimulator.Build.0 = Debug|iPhoneSimulator
		{E051AC4A-D1C8-4F65-A1D6-A23AED806346}.Debug|iPhoneSimulator.Deploy.0 = Debug|iPhoneSimulator
		{E051AC4A-D1C8-4F65-A1D6-A23AED806346}.Debug|x64.ActiveCfg = Debug|iPhoneSimulator
		{E051AC4A-D1C8-4F65-A1D6-A23AED806346}.Debug|x64.Build.0 = Debug|iPhoneSimulator
		{E051AC4A-D1C8-4F65-A1D6-A23AED806346}.Debug|x64.Deploy.0 = Debug|iPhoneSimulator
		{E051AC4A-D1C8-4F65-A1D6-A23AED806346}.Debug|x86.ActiveCfg = Debug|iPhoneSimulator
		{E051AC4A-D1C8-4F65-A1D6-A23AED806346}.Debug|x86.Build.0 = Debug|iPhoneSimulator
		{E051AC4A-D1C8-4F65-A1D6-A23AED806346}.Debug|x86.Deploy.0 = Debug|iPhoneSimulator
		{E051AC4A-D1C8-4F65-A1D6-A23AED806346}.Release|Any CPU.ActiveCfg = Release|iPhoneSimulator
		{E051AC4A-D1C8-4F65-A1D6-A23AED806346}.Release|Any CPU.Build.0 = Release|iPhoneSimulator
		{E051AC4A-D1C8-4F65-A1D6-A23AED806346}.Release|Any CPU.Deploy.0 = Release|iPhoneSimulator
		{E051AC4A-D1C8-4F65-A1D6-A23AED806346}.Release|ARM.ActiveCfg = Release|iPhoneSimulator
		{E051AC4A-D1C8-4F65-A1D6-A23AED806346}.Release|ARM.Build.0 = Release|iPhoneSimulator
		{E051AC4A-D1C8-4F65-A1D6-A23AED806346}.Release|ARM.Deploy.0 = Release|iPhoneSimulator
		{E051AC4A-D1C8-4F65-A1D6-A23AED806346}.Release|iPhone.ActiveCfg = Release|iPhone
		{E051AC4A-D1C8-4F65-A1D6-A23AED806346}.Release|iPhone.Build.0 = Release|iPhone
		{E051AC4A-D1C8-4F65-A1D6-A23AED806346}.Release|iPhone.Deploy.0 = Release|iPhone
		{E051AC4A-D1C8-4F65-A1D6-A23AED806346}.Release|iPhoneSimulator.ActiveCfg = Release|iPhoneSimulator
		{E051AC4A-D1C8-4F65-A1D6-A23AED806346}.Release|iPhoneSimulator.Build.0 = Release|iPhoneSimulator
		{E051AC4A-D1C8-4F65-A1D6-A23AED806346}.Release|iPhoneSimulator.Deploy.0 = Release|iPhoneSimulator
		{E051AC4A-D1C8-4F65-A1D6-A23AED806346}.Release|x64.ActiveCfg = Release|iPhoneSimulator
		{E051AC4A-D1C8-4F65-A1D6-A23AED806346}.Release|x64.Build.0 = Release|iPhoneSimulator
		{E051AC4A-D1C8-4F65-A1D6-A23AED806346}.Release|x64.Deploy.0 = Release|iPhoneSimulator
		{E051AC4A-D1C8-4F65-A1D6-A23AED806346}.Release|x86.ActiveCfg = Release|iPhoneSimulator
		{E051AC4A-D1C8-4F65-A1D6-A23AED806346}.Release|x86.Build.0 = Release|iPhoneSimulator
		{E051AC4A-D1C8-4F65-A1D6-A23AED806346}.Release|x86.Deploy.0 = Release|iPhoneSimulator
		{071A5FCD-44BB-4707-BAC5-9D5BE43E71EB}.Debug|Any CPU.ActiveCfg = Debug|Any CPU
		{071A5FCD-44BB-4707-BAC5-9D5BE43E71EB}.Debug|Any CPU.Build.0 = Debug|Any CPU
		{071A5FCD-44BB-4707-BAC5-9D5BE43E71EB}.Debug|Any CPU.Deploy.0 = Debug|Any CPU
		{071A5FCD-44BB-4707-BAC5-9D5BE43E71EB}.Debug|ARM.ActiveCfg = Debug|Any CPU
		{071A5FCD-44BB-4707-BAC5-9D5BE43E71EB}.Debug|ARM.Build.0 = Debug|Any CPU
		{071A5FCD-44BB-4707-BAC5-9D5BE43E71EB}.Debug|ARM.Deploy.0 = Debug|Any CPU
		{071A5FCD-44BB-4707-BAC5-9D5BE43E71EB}.Debug|iPhone.ActiveCfg = Debug|Any CPU
		{071A5FCD-44BB-4707-BAC5-9D5BE43E71EB}.Debug|iPhone.Build.0 = Debug|Any CPU
		{071A5FCD-44BB-4707-BAC5-9D5BE43E71EB}.Debug|iPhone.Deploy.0 = Debug|Any CPU
		{071A5FCD-44BB-4707-BAC5-9D5BE43E71EB}.Debug|iPhoneSimulator.ActiveCfg = Debug|Any CPU
		{071A5FCD-44BB-4707-BAC5-9D5BE43E71EB}.Debug|iPhoneSimulator.Build.0 = Debug|Any CPU
		{071A5FCD-44BB-4707-BAC5-9D5BE43E71EB}.Debug|iPhoneSimulator.Deploy.0 = Debug|Any CPU
		{071A5FCD-44BB-4707-BAC5-9D5BE43E71EB}.Debug|x64.ActiveCfg = Debug|Any CPU
		{071A5FCD-44BB-4707-BAC5-9D5BE43E71EB}.Debug|x64.Build.0 = Debug|Any CPU
		{071A5FCD-44BB-4707-BAC5-9D5BE43E71EB}.Debug|x64.Deploy.0 = Debug|Any CPU
		{071A5FCD-44BB-4707-BAC5-9D5BE43E71EB}.Debug|x86.ActiveCfg = Debug|Any CPU
		{071A5FCD-44BB-4707-BAC5-9D5BE43E71EB}.Debug|x86.Build.0 = Debug|Any CPU
		{071A5FCD-44BB-4707-BAC5-9D5BE43E71EB}.Debug|x86.Deploy.0 = Debug|Any CPU
		{071A5FCD-44BB-4707-BAC5-9D5BE43E71EB}.Release|Any CPU.ActiveCfg = Release|Any CPU
		{071A5FCD-44BB-4707-BAC5-9D5BE43E71EB}.Release|Any CPU.Build.0 = Release|Any CPU
		{071A5FCD-44BB-4707-BAC5-9D5BE43E71EB}.Release|Any CPU.Deploy.0 = Release|Any CPU
		{071A5FCD-44BB-4707-BAC5-9D5BE43E71EB}.Release|ARM.ActiveCfg = Release|Any CPU
		{071A5FCD-44BB-4707-BAC5-9D5BE43E71EB}.Release|ARM.Build.0 = Release|Any CPU
		{071A5FCD-44BB-4707-BAC5-9D5BE43E71EB}.Release|ARM.Deploy.0 = Release|Any CPU
		{071A5FCD-44BB-4707-BAC5-9D5BE43E71EB}.Release|iPhone.ActiveCfg = Release|Any CPU
		{071A5FCD-44BB-4707-BAC5-9D5BE43E71EB}.Release|iPhone.Build.0 = Release|Any CPU
		{071A5FCD-44BB-4707-BAC5-9D5BE43E71EB}.Release|iPhone.Deploy.0 = Release|Any CPU
		{071A5FCD-44BB-4707-BAC5-9D5BE43E71EB}.Release|iPhoneSimulator.ActiveCfg = Release|Any CPU
		{071A5FCD-44BB-4707-BAC5-9D5BE43E71EB}.Release|iPhoneSimulator.Build.0 = Release|Any CPU
		{071A5FCD-44BB-4707-BAC5-9D5BE43E71EB}.Release|iPhoneSimulator.Deploy.0 = Release|Any CPU
		{071A5FCD-44BB-4707-BAC5-9D5BE43E71EB}.Release|x64.ActiveCfg = Release|Any CPU
		{071A5FCD-44BB-4707-BAC5-9D5BE43E71EB}.Release|x64.Build.0 = Release|Any CPU
		{071A5FCD-44BB-4707-BAC5-9D5BE43E71EB}.Release|x64.Deploy.0 = Release|Any CPU
		{071A5FCD-44BB-4707-BAC5-9D5BE43E71EB}.Release|x86.ActiveCfg = Release|Any CPU
		{071A5FCD-44BB-4707-BAC5-9D5BE43E71EB}.Release|x86.Build.0 = Release|Any CPU
		{071A5FCD-44BB-4707-BAC5-9D5BE43E71EB}.Release|x86.Deploy.0 = Release|Any CPU
	EndGlobalSection
	GlobalSection(SolutionProperties) = preSolution
		HideSolutionNode = FALSE
	EndGlobalSection
	GlobalSection(ExtensibilityGlobals) = postSolution
		SolutionGuid = {673A2753-B9E4-4F43-ACB4-FC0BA7B1C75B}
	EndGlobalSection
EndGlobal
